// !$*UTF8*$!
{
	archiveVersion = 1;
	classes = {
	};
	objectVersion = 46;
	objects = {

/* Begin PBXBuildFile section */
		F9DD43B41D83E2920056F7E5 /* main.m in Sources */ = {isa = PBXBuildFile; fileRef = F9DD43B31D83E2920056F7E5 /* main.m */; };
		F9DD43B71D83E2930056F7E5 /* AppDelegate.m in Sources */ = {isa = PBXBuildFile; fileRef = F9DD43B61D83E2930056F7E5 /* AppDelegate.m */; };
		F9DD43BA1D83E2930056F7E5 /* ViewController.m in Sources */ = {isa = PBXBuildFile; fileRef = F9DD43B91D83E2930056F7E5 /* ViewController.m */; };
		F9DD43BD1D83E2930056F7E5 /* Main.storyboard in Resources */ = {isa = PBXBuildFile; fileRef = F9DD43BB1D83E2930056F7E5 /* Main.storyboard */; };
		F9DD43BF1D83E2930056F7E5 /* Assets.xcassets in Resources */ = {isa = PBXBuildFile; fileRef = F9DD43BE1D83E2930056F7E5 /* Assets.xcassets */; };
		F9DD43C21D83E2930056F7E5 /* LaunchScreen.storyboard in Resources */ = {isa = PBXBuildFile; fileRef = F9DD43C01D83E2930056F7E5 /* LaunchScreen.storyboard */; };
		F9DD43CD1D83E2930056F7E5 /* ExTests.m in Sources */ = {isa = PBXBuildFile; fileRef = F9DD43CC1D83E2930056F7E5 /* ExTests.m */; };
		F9DD43D81D83E2930056F7E5 /* ExUITests.m in Sources */ = {isa = PBXBuildFile; fileRef = F9DD43D71D83E2930056F7E5 /* ExUITests.m */; };
/* End PBXBuildFile section */

/* Begin PBXContainerItemProxy section */
		F9DD43C91D83E2930056F7E5 /* PBXContainerItemProxy */ = {
			isa = PBXContainerItemProxy;
			containerPortal = F9DD43A71D83E2920056F7E5 /* Project object */;
			proxyType = 1;
			remoteGlobalIDString = F9DD43AE1D83E2920056F7E5;
			remoteInfo = Ex;
		};
		F9DD43D41D83E2930056F7E5 /* PBXContainerItemProxy */ = {
			isa = PBXContainerItemProxy;
			containerPortal = F9DD43A71D83E2920056F7E5 /* Project object */;
			proxyType = 1;
			remoteGlobalIDString = F9DD43AE1D83E2920056F7E5;
			remoteInfo = Ex;
		};
/* End PBXContainerItemProxy section */

/* Begin PBXFileReference section */
		F9DD43AF1D83E2920056F7E5 /* Ex.app */ = {isa = PBXFileReference; explicitFileType = wrapper.application; includeInIndex = 0; path = Ex.app; sourceTree = BUILT_PRODUCTS_DIR; };
		F9DD43B31D83E2920056F7E5 /* main.m */ = {isa = PBXFileReference; lastKnownFileType = sourcecode.c.objc; path = main.m; sourceTree = "<group>"; };
		F9DD43B51D83E2930056F7E5 /* AppDelegate.h */ = {isa = PBXFileReference; lastKnownFileType = sourcecode.c.h; path = AppDelegate.h; sourceTree = "<group>"; };
		F9DD43B61D83E2930056F7E5 /* AppDelegate.m */ = {isa = PBXFileReference; lastKnownFileType = sourcecode.c.objc; path = AppDelegate.m; sourceTree = "<group>"; };
		F9DD43B81D83E2930056F7E5 /* ViewController.h */ = {isa = PBXFileReference; lastKnownFileType = sourcecode.c.h; path = ViewController.h; sourceTree = "<group>"; };
		F9DD43B91D83E2930056F7E5 /* ViewController.m */ = {isa = PBXFileReference; lastKnownFileType = sourcecode.c.objc; path = ViewController.m; sourceTree = "<group>"; };
		F9DD43BC1D83E2930056F7E5 /* Base */ = {isa = PBXFileReference; lastKnownFileType = file.storyboard; name = Base; path = Base.lproj/Main.storyboard; sourceTree = "<group>"; };
		F9DD43BE1D83E2930056F7E5 /* Assets.xcassets */ = {isa = PBXFileReference; lastKnownFileType = folder.assetcatalog; path = Assets.xcassets; sourceTree = "<group>"; };
		F9DD43C11D83E2930056F7E5 /* Base */ = {isa = PBXFileReference; lastKnownFileType = file.storyboard; name = Base; path = Base.lproj/LaunchScreen.storyboard; sourceTree = "<group>"; };
		F9DD43C31D83E2930056F7E5 /* Info.plist */ = {isa = PBXFileReference; lastKnownFileType = text.plist.xml; path = Info.plist; sourceTree = "<group>"; };
		F9DD43C81D83E2930056F7E5 /* ExTests.xctest */ = {isa = PBXFileReference; explicitFileType = wrapper.cfbundle; includeInIndex = 0; path = ExTests.xctest; sourceTree = BUILT_PRODUCTS_DIR; };
		F9DD43CC1D83E2930056F7E5 /* ExTests.m */ = {isa = PBXFileReference; lastKnownFileType = sourcecode.c.objc; path = ExTests.m; sourceTree = "<group>"; };
		F9DD43CE1D83E2930056F7E5 /* Info.plist */ = {isa = PBXFileReference; lastKnownFileType = text.plist.xml; path = Info.plist; sourceTree = "<group>"; };
		F9DD43D31D83E2930056F7E5 /* ExUITests.xctest */ = {isa = PBXFileReference; explicitFileType = wrapper.cfbundle; includeInIndex = 0; path = ExUITests.xctest; sourceTree = BUILT_PRODUCTS_DIR; };
		F9DD43D71D83E2930056F7E5 /* ExUITests.m */ = {isa = PBXFileReference; lastKnownFileType = sourcecode.c.objc; path = ExUITests.m; sourceTree = "<group>"; };
		F9DD43D91D83E2930056F7E5 /* Info.plist */ = {isa = PBXFileReference; lastKnownFileType = text.plist.xml; path = Info.plist; sourceTree = "<group>"; };
/* End PBXFileReference section */

/* Begin PBXFrameworksBuildPhase section */
		F9DD43AC1D83E2920056F7E5 /* Frameworks */ = {
			isa = PBXFrameworksBuildPhase;
			buildActionMask = 2147483647;
			files = (
			);
			runOnlyForDeploymentPostprocessing = 0;
		};
		F9DD43C51D83E2930056F7E5 /* Frameworks */ = {
			isa = PBXFrameworksBuildPhase;
			buildActionMask = 2147483647;
			files = (
			);
			runOnlyForDeploymentPostprocessing = 0;
		};
		F9DD43D01D83E2930056F7E5 /* Frameworks */ = {
			isa = PBXFrameworksBuildPhase;
			buildActionMask = 2147483647;
			files = (
			);
			runOnlyForDeploymentPostprocessing = 0;
		};
/* End PBXFrameworksBuildPhase section */

/* Begin PBXGroup section */
		F9DD43A61D83E2920056F7E5 = {
			isa = PBXGroup;
			children = (
				F9DD43B11D83E2920056F7E5 /* Ex */,
				F9DD43CB1D83E2930056F7E5 /* ExTests */,
				F9DD43D61D83E2930056F7E5 /* ExUITests */,
				F9DD43B01D83E2920056F7E5 /* Products */,
			);
			sourceTree = "<group>";
		};
		F9DD43B01D83E2920056F7E5 /* Products */ = {
			isa = PBXGroup;
			children = (
				F9DD43AF1D83E2920056F7E5 /* Ex.app */,
				F9DD43C81D83E2930056F7E5 /* ExTests.xctest */,
				F9DD43D31D83E2930056F7E5 /* ExUITests.xctest */,
			);
			name = Products;
			sourceTree = "<group>";
		};
		F9DD43B11D83E2920056F7E5 /* Ex */ = {
			isa = PBXGroup;
			children = (
				F9DD43B51D83E2930056F7E5 /* AppDelegate.h */,
				F9DD43B61D83E2930056F7E5 /* AppDelegate.m */,
				F9DD43B81D83E2930056F7E5 /* ViewController.h */,
				F9DD43B91D83E2930056F7E5 /* ViewController.m */,
				F9DD43BB1D83E2930056F7E5 /* Main.storyboard */,
				F9DD43BE1D83E2930056F7E5 /* Assets.xcassets */,
				F9DD43C01D83E2930056F7E5 /* LaunchScreen.storyboard */,
				F9DD43C31D83E2930056F7E5 /* Info.plist */,
				F9DD43B21D83E2920056F7E5 /* Supporting Files */,
			);
			path = Ex;
			sourceTree = "<group>";
		};
		F9DD43B21D83E2920056F7E5 /* Supporting Files */ = {
			isa = PBXGroup;
			children = (
				F9DD43B31D83E2920056F7E5 /* main.m */,
			);
			name = "Supporting Files";
			sourceTree = "<group>";
		};
		F9DD43CB1D83E2930056F7E5 /* ExTests */ = {
			isa = PBXGroup;
			children = (
				F9DD43CC1D83E2930056F7E5 /* ExTests.m */,
				F9DD43CE1D83E2930056F7E5 /* Info.plist */,
			);
			path = ExTests;
			sourceTree = "<group>";
		};
		F9DD43D61D83E2930056F7E5 /* ExUITests */ = {
			isa = PBXGroup;
			children = (
				F9DD43D71D83E2930056F7E5 /* ExUITests.m */,
				F9DD43D91D83E2930056F7E5 /* Info.plist */,
			);
			path = ExUITests;
			sourceTree = "<group>";
		};
/* End PBXGroup section */

/* Begin PBXNativeTarget section */
		F9DD43AE1D83E2920056F7E5 /* Ex */ = {
			isa = PBXNativeTarget;
			buildConfigurationList = F9DD43DC1D83E2930056F7E5 /* Build configuration list for PBXNativeTarget "Ex" */;
			buildPhases = (
				F9DD43AB1D83E2920056F7E5 /* Sources */,
				F9DD43AC1D83E2920056F7E5 /* Frameworks */,
				F9DD43AD1D83E2920056F7E5 /* Resources */,
			);
			buildRules = (
			);
			dependencies = (
			);
			name = Ex;
			productName = Ex;
			productReference = F9DD43AF1D83E2920056F7E5 /* Ex.app */;
			productType = "com.apple.product-type.application";
		};
		F9DD43C71D83E2930056F7E5 /* ExTests */ = {
			isa = PBXNativeTarget;
			buildConfigurationList = F9DD43DF1D83E2930056F7E5 /* Build configuration list for PBXNativeTarget "ExTests" */;
			buildPhases = (
				F9DD43C41D83E2930056F7E5 /* Sources */,
				F9DD43C51D83E2930056F7E5 /* Frameworks */,
				F9DD43C61D83E2930056F7E5 /* Resources */,
			);
			buildRules = (
			);
			dependencies = (
				F9DD43CA1D83E2930056F7E5 /* PBXTargetDependency */,
			);
			name = ExTests;
			productName = ExTests;
			productReference = F9DD43C81D83E2930056F7E5 /* ExTests.xctest */;
			productType = "com.apple.product-type.bundle.unit-test";
		};
		F9DD43D21D83E2930056F7E5 /* ExUITests */ = {
			isa = PBXNativeTarget;
			buildConfigurationList = F9DD43E21D83E2930056F7E5 /* Build configuration list for PBXNativeTarget "ExUITests" */;
			buildPhases = (
				F9DD43CF1D83E2930056F7E5 /* Sources */,
				F9DD43D01D83E2930056F7E5 /* Frameworks */,
				F9DD43D11D83E2930056F7E5 /* Resources */,
			);
			buildRules = (
			);
			dependencies = (
				F9DD43D51D83E2930056F7E5 /* PBXTargetDependency */,
			);
			name = ExUITests;
			productName = ExUITests;
			productReference = F9DD43D31D83E2930056F7E5 /* ExUITests.xctest */;
			productType = "com.apple.product-type.bundle.ui-testing";
		};
/* End PBXNativeTarget section */

/* Begin PBXProject section */
		F9DD43A71D83E2920056F7E5 /* Project object */ = {
			isa = PBXProject;
			attributes = {
				LastUpgradeCheck = 0730;
				ORGANIZATIONNAME = nmtien92;
				TargetAttributes = {
					F9DD43AE1D83E2920056F7E5 = {
						CreatedOnToolsVersion = 7.3.1;
					};
					F9DD43C71D83E2930056F7E5 = {
						CreatedOnToolsVersion = 7.3.1;
						TestTargetID = F9DD43AE1D83E2920056F7E5;
					};
					F9DD43D21D83E2930056F7E5 = {
						CreatedOnToolsVersion = 7.3.1;
						TestTargetID = F9DD43AE1D83E2920056F7E5;
					};
				};
			};
			buildConfigurationList = F9DD43AA1D83E2920056F7E5 /* Build configuration list for PBXProject "Ex" */;
			compatibilityVersion = "Xcode 3.2";
			developmentRegion = English;
			hasScannedForEncodings = 0;
			knownRegions = (
				en,
				Base,
			);
			mainGroup = F9DD43A61D83E2920056F7E5;
			productRefGroup = F9DD43B01D83E2920056F7E5 /* Products */;
			projectDirPath = "";
			projectRoot = "";
			targets = (
				F9DD43AE1D83E2920056F7E5 /* Ex */,
				F9DD43C71D83E2930056F7E5 /* ExTests */,
				F9DD43D21D83E2930056F7E5 /* ExUITests */,
			);
		};
/* End PBXProject section */

/* Begin PBXResourcesBuildPhase section */
		F9DD43AD1D83E2920056F7E5 /* Resources */ = {
			isa = PBXResourcesBuildPhase;
			buildActionMask = 2147483647;
			files = (
				F9DD43C21D83E2930056F7E5 /* LaunchScreen.storyboard in Resources */,
				F9DD43BF1D83E2930056F7E5 /* Assets.xcassets in Resources */,
				F9DD43BD1D83E2930056F7E5 /* Main.storyboard in Resources */,
			);
			runOnlyForDeploymentPostprocessing = 0;
		};
		F9DD43C61D83E2930056F7E5 /* Resources */ = {
			isa = PBXResourcesBuildPhase;
			buildActionMask = 2147483647;
			files = (
			);
			runOnlyForDeploymentPostprocessing = 0;
		};
		F9DD43D11D83E2930056F7E5 /* Resources */ = {
			isa = PBXResourcesBuildPhase;
			buildActionMask = 2147483647;
			files = (
			);
			runOnlyForDeploymentPostprocessing = 0;
		};
/* End PBXResourcesBuildPhase section */

/* Begin PBXSourcesBuildPhase section */
		F9DD43AB1D83E2920056F7E5 /* Sources */ = {
			isa = PBXSourcesBuildPhase;
			buildActionMask = 2147483647;
			files = (
				F9DD43BA1D83E2930056F7E5 /* ViewController.m in Sources */,
				F9DD43B71D83E2930056F7E5 /* AppDelegate.m in Sources */,
				F9DD43B41D83E2920056F7E5 /* main.m in Sources */,
			);
			runOnlyForDeploymentPostprocessing = 0;
		};
		F9DD43C41D83E2930056F7E5 /* Sources */ = {
			isa = PBXSourcesBuildPhase;
			buildActionMask = 2147483647;
			files = (
				F9DD43CD1D83E2930056F7E5 /* ExTests.m in Sources */,
			);
			runOnlyForDeploymentPostprocessing = 0;
		};
		F9DD43CF1D83E2930056F7E5 /* Sources */ = {
			isa = PBXSourcesBuildPhase;
			buildActionMask = 2147483647;
			files = (
				F9DD43D81D83E2930056F7E5 /* ExUITests.m in Sources */,
			);
			runOnlyForDeploymentPostprocessing = 0;
		};
/* End PBXSourcesBuildPhase section */

/* Begin PBXTargetDependency section */
		F9DD43CA1D83E2930056F7E5 /* PBXTargetDependency */ = {
			isa = PBXTargetDependency;
			target = F9DD43AE1D83E2920056F7E5 /* Ex */;
			targetProxy = F9DD43C91D83E2930056F7E5 /* PBXContainerItemProxy */;
		};
		F9DD43D51D83E2930056F7E5 /* PBXTargetDependency */ = {
			isa = PBXTargetDependency;
			target = F9DD43AE1D83E2920056F7E5 /* Ex */;
			targetProxy = F9DD43D41D83E2930056F7E5 /* PBXContainerItemProxy */;
		};
/* End PBXTargetDependency section */

/* Begin PBXVariantGroup section */
		F9DD43BB1D83E2930056F7E5 /* Main.storyboard */ = {
			isa = PBXVariantGroup;
			children = (
				F9DD43BC1D83E2930056F7E5 /* Base */,
			);
			name = Main.storyboard;
			sourceTree = "<group>";
		};
		F9DD43C01D83E2930056F7E5 /* LaunchScreen.storyboard */ = {
			isa = PBXVariantGroup;
			children = (
				F9DD43C11D83E2930056F7E5 /* Base */,
			);
			name = LaunchScreen.storyboard;
			sourceTree = "<group>";
		};
/* End PBXVariantGroup section */

/* Begin XCBuildConfiguration section */
		F9DD43DA1D83E2930056F7E5 /* Debug */ = {
			isa = XCBuildConfiguration;
			buildSettings = {
				ALWAYS_SEARCH_USER_PATHS = NO;
				CLANG_ANALYZER_NONNULL = YES;
				CLANG_CXX_LANGUAGE_STANDARD = "gnu++0x";
				CLANG_CXX_LIBRARY = "libc++";
				CLANG_ENABLE_MODULES = YES;
				CLANG_ENABLE_OBJC_ARC = YES;
				CLANG_WARN_BOOL_CONVERSION = YES;
				CLANG_WARN_CONSTANT_CONVERSION = YES;
				CLANG_WARN_DIRECT_OBJC_ISA_USAGE = YES_ERROR;
				CLANG_WARN_EMPTY_BODY = YES;
				CLANG_WARN_ENUM_CONVERSION = YES;
				CLANG_WARN_INT_CONVERSION = YES;
				CLANG_WARN_OBJC_ROOT_CLASS = YES_ERROR;
				CLANG_WARN_UNREACHABLE_CODE = YES;
				CLANG_WARN__DUPLICATE_METHOD_MATCH = YES;
				"CODE_SIGN_IDENTITY[sdk=iphoneos*]" = "iPhone Developer";
				COPY_PHASE_STRIP = NO;
				DEBUG_INFORMATION_FORMAT = dwarf;
				ENABLE_STRICT_OBJC_MSGSEND = YES;
				ENABLE_TESTABILITY = YES;
				GCC_C_LANGUAGE_STANDARD = gnu99;
				GCC_DYNAMIC_NO_PIC = NO;
				GCC_NO_COMMON_BLOCKS = YES;
				GCC_OPTIMIZATION_LEVEL = 0;
				GCC_PREPROCESSOR_DEFINITIONS = (
					"DEBUG=1",
					"$(inherited)",
				);
				GCC_WARN_64_TO_32_BIT_CONVERSION = YES;
				GCC_WARN_ABOUT_RETURN_TYPE = YES_ERROR;
				GCC_WARN_UNDECLARED_SELECTOR = YES;
				GCC_WARN_UNINITIALIZED_AUTOS = YES_AGGRESSIVE;
				GCC_WARN_UNUSED_FUNCTION = YES;
				GCC_WARN_UNUSED_VARIABLE = YES;
				IPHONEOS_DEPLOYMENT_TARGET = 9.3;
				MTL_ENABLE_DEBUG_INFO = YES;
				ONLY_ACTIVE_ARCH = YES;
				SDKROOT = iphoneos;
				TARGETED_DEVICE_FAMILY = "1,2";
			};
			name = Debug;
		};
		F9DD43DB1D83E2930056F7E5 /* Release */ = {
			isa = XCBuildConfiguration;
			buildSettings = {
				ALWAYS_SEARCH_USER_PATHS = NO;
				CLANG_ANALYZER_NONNULL = YES;
				CLANG_CXX_LANGUAGE_STANDARD = "gnu++0x";
				CLANG_CXX_LIBRARY = "libc++";
				CLANG_ENABLE_MODULES = YES;
				CLANG_ENABLE_OBJC_ARC = YES;
				CLANG_WARN_BOOL_CONVERSION = YES;
				CLANG_WARN_CONSTANT_CONVERSION = YES;
				CLANG_WARN_DIRECT_OBJC_ISA_USAGE = YES_ERROR;
				CLANG_WARN_EMPTY_BODY = YES;
				CLANG_WARN_ENUM_CONVERSION = YES;
				CLANG_WARN_INT_CONVERSION = YES;
				CLANG_WARN_OBJC_ROOT_CLASS = YES_ERROR;
				CLANG_WARN_UNREACHABLE_CODE = YES;
				CLANG_WARN__DUPLICATE_METHOD_MATCH = YES;
				"CODE_SIGN_IDENTITY[sdk=iphoneos*]" = "iPhone Developer";
				COPY_PHASE_STRIP = NO;
				DEBUG_INFORMATION_FORMAT = "dwarf-with-dsym";
				ENABLE_NS_ASSERTIONS = NO;
				ENABLE_STRICT_OBJC_MSGSEND = YES;
				GCC_C_LANGUAGE_STANDARD = gnu99;
				GCC_NO_COMMON_BLOCKS = YES;
				GCC_WARN_64_TO_32_BIT_CONVERSION = YES;
				GCC_WARN_ABOUT_RETURN_TYPE = YES_ERROR;
				GCC_WARN_UNDECLARED_SELECTOR = YES;
				GCC_WARN_UNINITIALIZED_AUTOS = YES_AGGRESSIVE;
				GCC_WARN_UNUSED_FUNCTION = YES;
				GCC_WARN_UNUSED_VARIABLE = YES;
				IPHONEOS_DEPLOYMENT_TARGET = 9.3;
				MTL_ENABLE_DEBUG_INFO = NO;
				SDKROOT = iphoneos;
				TARGETED_DEVICE_FAMILY = "1,2";
				VALIDATE_PRODUCT = YES;
			};
			name = Release;
		};
		F9DD43DD1D83E2930056F7E5 /* Debug */ = {
			isa = XCBuildConfiguration;
			buildSettings = {
				ASSETCATALOG_COMPILER_APPICON_NAME = AppIcon;
				INFOPLIST_FILE = Ex/Info.plist;
				LD_RUNPATH_SEARCH_PATHS = "$(inherited) @executable_path/Frameworks";
				PRODUCT_BUNDLE_IDENTIFIER = com.nmtien92.Ex;
				PRODUCT_NAME = "$(TARGET_NAME)";
			};
			name = Debug;
		};
		F9DD43DE1D83E2930056F7E5 /* Release */ = {
			isa = XCBuildConfiguration;
			buildSettings = {
				ASSETCATALOG_COMPILER_APPICON_NAME = AppIcon;
				INFOPLIST_FILE = Ex/Info.plist;
				LD_RUNPATH_SEARCH_PATHS = "$(inherited) @executable_path/Frameworks";
				PRODUCT_BUNDLE_IDENTIFIER = com.nmtien92.Ex;
				PRODUCT_NAME = "$(TARGET_NAME)";
			};
			name = Release;
		};
		F9DD43E01D83E2930056F7E5 /* Debug */ = {
			isa = XCBuildConfiguration;
			buildSettings = {
				BUNDLE_LOADER = "$(TEST_HOST)";
				INFOPLIST_FILE = ExTests/Info.plist;
				LD_RUNPATH_SEARCH_PATHS = "$(inherited) @executable_path/Frameworks @loader_path/Frameworks";
				PRODUCT_BUNDLE_IDENTIFIER = com.nmtien92.ExTests;
				PRODUCT_NAME = "$(TARGET_NAME)";
				TEST_HOST = "$(BUILT_PRODUCTS_DIR)/Ex.app/Ex";
			};
			name = Debug;
		};
		F9DD43E11D83E2930056F7E5 /* Release */ = {
			isa = XCBuildConfiguration;
			buildSettings = {
				BUNDLE_LOADER = "$(TEST_HOST)";
				INFOPLIST_FILE = ExTests/Info.plist;
				LD_RUNPATH_SEARCH_PATHS = "$(inherited) @executable_path/Frameworks @loader_path/Frameworks";
				PRODUCT_BUNDLE_IDENTIFIER = com.nmtien92.ExTests;
				PRODUCT_NAME = "$(TARGET_NAME)";
				TEST_HOST = "$(BUILT_PRODUCTS_DIR)/Ex.app/Ex";
			};
			name = Release;
		};
		F9DD43E31D83E2930056F7E5 /* Debug */ = {
			isa = XCBuildConfiguration;
			buildSettings = {
				INFOPLIST_FILE = ExUITests/Info.plist;
				LD_RUNPATH_SEARCH_PATHS = "$(inherited) @executable_path/Frameworks @loader_path/Frameworks";
				PRODUCT_BUNDLE_IDENTIFIER = com.nmtien92.ExUITests;
				PRODUCT_NAME = "$(TARGET_NAME)";
				TEST_TARGET_NAME = Ex;
			};
			name = Debug;
		};
		F9DD43E41D83E2930056F7E5 /* Release */ = {
			isa = XCBuildConfiguration;
			buildSettings = {
				INFOPLIST_FILE = ExUITests/Info.plist;
				LD_RUNPATH_SEARCH_PATHS = "$(inherited) @executable_path/Frameworks @loader_path/Frameworks";
				PRODUCT_BUNDLE_IDENTIFIER = com.nmtien92.ExUITests;
				PRODUCT_NAME = "$(TARGET_NAME)";
				TEST_TARGET_NAME = Ex;
			};
			name = Release;
		};
/* End XCBuildConfiguration section */

/* Begin XCConfigurationList section */
		F9DD43AA1D83E2920056F7E5 /* Build configuration list for PBXProject "Ex" */ = {
			isa = XCConfigurationList;
			buildConfigurations = (
				F9DD43DA1D83E2930056F7E5 /* Debug */,
				F9DD43DB1D83E2930056F7E5 /* Release */,
			);
			defaultConfigurationIsVisible = 0;
			defaultConfigurationName = Release;
		};
		F9DD43DC1D83E2930056F7E5 /* Build configuration list for PBXNativeTarget "Ex" */ = {
			isa = XCConfigurationList;
			buildConfigurations = (
				F9DD43DD1D83E2930056F7E5 /* Debug */,
				F9DD43DE1D83E2930056F7E5 /* Release */,
			);
			defaultConfigurationIsVisible = 0;
		};
		F9DD43DF1D83E2930056F7E5 /* Build configuration list for PBXNativeTarget "ExTests" */ = {
			isa = XCConfigurationList;
			buildConfigurations = (
				F9DD43E01D83E2930056F7E5 /* Debug */,
				F9DD43E11D83E2930056F7E5 /* Release */,
			);
			defaultConfigurationIsVisible = 0;
		};
		F9DD43E21D83E2930056F7E5 /* Build configuration list for PBXNativeTarget "ExUITests" */ = {
			isa = XCConfigurationList;
			buildConfigurations = (
				F9DD43E31D83E2930056F7E5 /* Debug */,
				F9DD43E41D83E2930056F7E5 /* Release */,
			);
			defaultConfigurationIsVisible = 0;
		};
/* End XCConfigurationList section */
	};
	rootObject = F9DD43A71D83E2920056F7E5 /* Project object */;
}
